// !$*UTF8*$!
{
	archiveVersion = 1;
	classes = {
	};
	objectVersion = 46;
	objects = {

/* Begin PBXBuildFile section */
		ACD0F4B81E30951E00085900 /* AppDelegate.swift in Sources */ = {isa = PBXBuildFile; fileRef = ACD0F4B71E30951E00085900 /* AppDelegate.swift */; };
		ACD0F4BA1E30951E00085900 /* ViewController.swift in Sources */ = {isa = PBXBuildFile; fileRef = ACD0F4B91E30951E00085900 /* ViewController.swift */; };
		ACD0F4BD1E30951E00085900 /* Main.storyboard in Resources */ = {isa = PBXBuildFile; fileRef = ACD0F4BB1E30951E00085900 /* Main.storyboard */; };
		ACD0F4BF1E30951E00085900 /* Assets.xcassets in Resources */ = {isa = PBXBuildFile; fileRef = ACD0F4BE1E30951E00085900 /* Assets.xcassets */; };
		ACD0F4C21E30951E00085900 /* LaunchScreen.storyboard in Resources */ = {isa = PBXBuildFile; fileRef = ACD0F4C01E30951E00085900 /* LaunchScreen.storyboard */; };
		ACD0F4CA1E30967900085900 /* Building PhotoTableViewController.swift in Sources */ = {isa = PBXBuildFile; fileRef = ACD0F4C91E30967900085900 /* Building PhotoTableViewController.swift */; };
/* End PBXBuildFile section */

/* Begin PBXFileReference section */
		ACD0F4B41E30951E00085900 /* Tableviewtest.app */ = {isa = PBXFileReference; explicitFileType = wrapper.application; includeInIndex = 0; path = Tableviewtest.app; sourceTree = BUILT_PRODUCTS_DIR; };
		ACD0F4B71E30951E00085900 /* AppDelegate.swift */ = {isa = PBXFileReference; lastKnownFileType = sourcecode.swift; path = AppDelegate.swift; sourceTree = "<group>"; };
		ACD0F4B91E30951E00085900 /* ViewController.swift */ = {isa = PBXFileReference; lastKnownFileType = sourcecode.swift; path = ViewController.swift; sourceTree = "<group>"; };
		ACD0F4BC1E30951E00085900 /* Base */ = {isa = PBXFileReference; lastKnownFileType = file.storyboard; name = Base; path = Base.lproj/Main.storyboard; sourceTree = "<group>"; };
		ACD0F4BE1E30951E00085900 /* Assets.xcassets */ = {isa = PBXFileReference; lastKnownFileType = folder.assetcatalog; path = Assets.xcassets; sourceTree = "<group>"; };
		ACD0F4C11E30951E00085900 /* Base */ = {isa = PBXFileReference; lastKnownFileType = file.storyboard; name = Base; path = Base.lproj/LaunchScreen.storyboard; sourceTree = "<group>"; };
		ACD0F4C31E30951E00085900 /* Info.plist */ = {isa = PBXFileReference; lastKnownFileType = text.plist.xml; path = Info.plist; sourceTree = "<group>"; };
		ACD0F4C91E30967900085900 /* Building PhotoTableViewController.swift */ = {isa = PBXFileReference; fileEncoding = 4; lastKnownFileType = sourcecode.swift; path = "Building PhotoTableViewController.swift"; sourceTree = "<group>"; };
/* End PBXFileReference section */

/* Begin PBXFrameworksBuildPhase section */
		ACD0F4B11E30951E00085900 /* Frameworks */ = {
			isa = PBXFrameworksBuildPhase;
			buildActionMask = 2147483647;
			files = (
			);
			runOnlyForDeploymentPostprocessing = 0;
		};
/* End PBXFrameworksBuildPhase section */

/* Begin PBXGroup section */
		ACD0F4AB1E30951E00085900 = {
			isa = PBXGroup;
			children = (
				ACD0F4B61E30951E00085900 /* Tableviewtest */,
				ACD0F4B51E30951E00085900 /* Products */,
			);
			sourceTree = "<group>";
		};
		ACD0F4B51E30951E00085900 /* Products */ = {
			isa = PBXGroup;
			children = (
				ACD0F4B41E30951E00085900 /* Tableviewtest.app */,
			);
			name = Products;
			sourceTree = "<group>";
		};
		ACD0F4B61E30951E00085900 /* Tableviewtest */ = {
			isa = PBXGroup;
			children = (
				ACD0F4B71E30951E00085900 /* AppDelegate.swift */,
				ACD0F4B91E30951E00085900 /* ViewController.swift */,
				ACD0F4BB1E30951E00085900 /* Main.storyboard */,
				ACD0F4C91E30967900085900 /* Building PhotoTableViewController.swift */,
				ACD0F4BE1E30951E00085900 /* Assets.xcassets */,
				ACD0F4C01E30951E00085900 /* LaunchScreen.storyboard */,
				ACD0F4C31E30951E00085900 /* Info.plist */,
			);
			path = Tableviewtest;
			sourceTree = "<group>";
		};
/* End PBXGroup section */

/* Begin PBXNativeTarget section */
		ACD0F4B31E30951E00085900 /* Tableviewtest */ = {
			isa = PBXNativeTarget;
			buildConfigurationList = ACD0F4C61E30951E00085900 /* Build configuration list for PBXNativeTarget "Tableviewtest" */;
			buildPhases = (
				ACD0F4B01E30951E00085900 /* Sources */,
				ACD0F4B11E30951E00085900 /* Frameworks */,
				ACD0F4B21E30951E00085900 /* Resources */,
			);
			buildRules = (
			);
			dependencies = (
			);
			name = Tableviewtest;
			productName = Tableviewtest;
			productReference = ACD0F4B41E30951E00085900 /* Tableviewtest.app */;
			productType = "com.apple.product-type.application";
		};
/* End PBXNativeTarget section */

/* Begin PBXProject section */
		ACD0F4AC1E30951E00085900 /* Project object */ = {
			isa = PBXProject;
			attributes = {
				LastSwiftUpdateCheck = 0820;
				LastUpgradeCheck = 0820;
				ORGANIZATIONNAME = Tableviewtest;
				TargetAttributes = {
					ACD0F4B31E30951E00085900 = {
						CreatedOnToolsVersion = 8.2.1;
						ProvisioningStyle = Automatic;
					};
				};
			};
			buildConfigurationList = ACD0F4AF1E30951E00085900 /* Build configuration list for PBXProject "Tableviewtest" */;
			compatibilityVersion = "Xcode 3.2";
			developmentRegion = English;
			hasScannedForEncodings = 0;
			knownRegions = (
				en,
				Base,
			);
			mainGroup = ACD0F4AB1E30951E00085900;
			productRefGroup = ACD0F4B51E30951E00085900 /* Products */;
			projectDirPath = "";
			projectRoot = "";
			targets = (
				ACD0F4B31E30951E00085900 /* Tableviewtest */,
			);
		};
/* End PBXProject section */

/* Begin PBXResourcesBuildPhase section */
		ACD0F4B21E30951E00085900 /* Resources */ = {
			isa = PBXResourcesBuildPhase;
			buildActionMask = 2147483647;
			files = (
				ACD0F4C21E30951E00085900 /* LaunchScreen.storyboard in Resources */,
				ACD0F4BF1E30951E00085900 /* Assets.xcassets in Resources */,
				ACD0F4BD1E30951E00085900 /* Main.storyboard in Resources */,
			);
			runOnlyForDeploymentPostprocessing = 0;
		};
/* End PBXResourcesBuildPhase section */

/* Begin PBXSourcesBuildPhase section */
		ACD0F4B01E30951E00085900 /* Sources */ = {
			isa = PBXSourcesBuildPhase;
			buildActionMask = 2147483647;
			files = (
				ACD0F4CA1E30967900085900 /* Building PhotoTableViewController.swift in Sources */,
				ACD0F4BA1E30951E00085900 /* ViewController.swift in Sources */,
				ACD0F4B81E30951E00085900 /* AppDelegate.swift in Sources */,
			);
			runOnlyForDeploymentPostprocessing = 0;
		};
/* End PBXSourcesBuildPhase section */

/* Begin PBXVariantGroup section */
		ACD0F4BB1E30951E00085900 /* Main.storyboard */ = {
			isa = PBXVariantGroup;
			children = (
				ACD0F4BC1E30951E00085900 /* Base */,
			);
			name = Main.storyboard;
			sourceTree = "<group>";
		};
		ACD0F4C01E30951E00085900 /* LaunchScreen.storyboard */ = {
			isa = PBXVariantGroup;
			children = (
				ACD0F4C11E30951E00085900 /* Base */,
			);
			name = LaunchScreen.storyboard;
			sourceTree = "<group>";
		};
/* End PBXVariantGroup section */

/* Begin XCBuildConfiguration section */
		ACD0F4C41E30951E00085900 /* Debug */ = {
			isa = XCBuildConfiguration;
			buildSettings = {
				ALWAYS_SEARCH_USER_PATHS = NO;
				CLANG_ANALYZER_NONNULL = YES;
				CLANG_CXX_LANGUAGE_STANDARD = "gnu++0x";
				CLANG_CXX_LIBRARY = "libc++";
				CLANG_ENABLE_MODULES = YES;
				CLANG_ENABLE_OBJC_ARC = YES;
				CLANG_WARN_BOOL_CONVERSION = YES;
				CLANG_WARN_CONSTANT_CONVERSION = YES;
				CLANG_WARN_DIRECT_OBJC_ISA_USAGE = YES_ERROR;
				CLANG_WARN_DOCUMENTATION_COMMENTS = YES;
				CLANG_WARN_EMPTY_BODY = YES;
				CLANG_WARN_ENUM_CONVERSION = YES;
				CLANG_WARN_INFINITE_RECURSION = YES;
				CLANG_WARN_INT_CONVERSION = YES;
				CLANG_WARN_OBJC_ROOT_CLASS = YES_ERROR;
				CLANG_WARN_SUSPICIOUS_MOVE = YES;
				CLANG_WARN_UNREACHABLE_CODE = YES;
				CLANG_WARN__DUPLICATE_METHOD_MATCH = YES;
				"CODE_SIGN_IDENTITY[sdk=iphoneos*]" = "iPhone Developer";
				COPY_PHASE_STRIP = NO;
				DEBUG_INFORMATION_FORMAT = dwarf;
				ENABLE_STRICT_OBJC_MSGSEND = YES;
				ENABLE_TESTABILITY = YES;
				GCC_C_LANGUAGE_STANDARD = gnu99;
				GCC_DYNAMIC_NO_PIC = NO;
				GCC_NO_COMMON_BLOCKS = YES;
				GCC_OPTIMIZATION_LEVEL = 0;
				GCC_PREPROCESSOR_DEFINITIONS = (
					"DEBUG=1",
					"$(inherited)",
				);
				GCC_WARN_64_TO_32_BIT_CONVERSION = YES;
				GCC_WARN_ABOUT_RETURN_TYPE = YES_ERROR;
				GCC_WARN_UNDECLARED_SELECTOR = YES;
				GCC_WARN_UNINITIALIZED_AUTOS = YES_AGGRESSIVE;
				GCC_WARN_UNUSED_FUNCTION = YES;
				GCC_WARN_UNUSED_VARIABLE = YES;
				IPHONEOS_DEPLOYMENT_TARGET = 10.2;
				MTL_ENABLE_DEBUG_INFO = YES;
				ONLY_ACTIVE_ARCH = YES;
				SDKROOT = iphoneos;
				SWIFT_ACTIVE_COMPILATION_CONDITIONS = DEBUG;
				SWIFT_OPTIMIZATION_LEVEL = "-Onone";
				TARGETED_DEVICE_FAMILY = "1,2";
			};
			name = Debug;
		};
		ACD0F4C51E30951E00085900 /* Release */ = {
			isa = XCBuildConfiguration;
			buildSettings = {
				ALWAYS_SEARCH_USER_PATHS = NO;
				CLANG_ANALYZER_NONNULL = YES;
				CLANG_CXX_LANGUAGE_STANDARD = "gnu++0x";
				CLANG_CXX_LIBRARY = "libc++";
				CLANG_ENABLE_MODULES = YES;
				CLANG_ENABLE_OBJC_ARC = YES;
				CLANG_WARN_BOOL_CONVERSION = YES;
				CLANG_WARN_CONSTANT_CONVERSION = YES;
				CLANG_WARN_DIRECT_OBJC_ISA_USAGE = YES_ERROR;
				CLANG_WARN_DOCUMENTATION_COMMENTS = YES;
				CLANG_WARN_EMPTY_BODY = YES;
				CLANG_WARN_ENUM_CONVERSION = YES;
				CLANG_WARN_INFINITE_RECURSION = YES;
				CLANG_WARN_INT_CONVERSION = YES;
				CLANG_WARN_OBJC_ROOT_CLASS = YES_ERROR;
				CLANG_WARN_SUSPICIOUS_MOVE = YES;
				CLANG_WARN_UNREACHABLE_CODE = YES;
				CLANG_WARN__DUPLICATE_METHOD_MATCH = YES;
				"CODE_SIGN_IDENTITY[sdk=iphoneos*]" = "iPhone Developer";
				COPY_PHASE_STRIP = NO;
				DEBUG_INFORMATION_FORMAT = "dwarf-with-dsym";
				ENABLE_NS_ASSERTIONS = NO;
				ENABLE_STRICT_OBJC_MSGSEND = YES;
				GCC_C_LANGUAGE_STANDARD = gnu99;
				GCC_NO_COMMON_BLOCKS = YES;
				GCC_WARN_64_TO_32_BIT_CONVERSION = YES;
				GCC_WARN_ABOUT_RETURN_TYPE = YES_ERROR;
				GCC_WARN_UNDECLARED_SELECTOR = YES;
				GCC_WARN_UNINITIALIZED_AUTOS = YES_AGGRESSIVE;
				GCC_WARN_UNUSED_FUNCTION = YES;
				GCC_WARN_UNUSED_VARIABLE = YES;
				IPHONEOS_DEPLOYMENT_TARGET = 10.2;
				MTL_ENABLE_DEBUG_INFO = NO;
				SDKROOT = iphoneos;
				SWIFT_OPTIMIZATION_LEVEL = "-Owholemodule";
				TARGETED_DEVICE_FAMILY = "1,2";
				VALIDATE_PRODUCT = YES;
			};
			name = Release;
		};
		ACD0F4C71E30951E00085900 /* Debug */ = {
			isa = XCBuildConfiguration;
			buildSettings = {
				ASSETCATALOG_COMPILER_APPICON_NAME = AppIcon;
				INFOPLIST_FILE = Tableviewtest/Info.plist;
				LD_RUNPATH_SEARCH_PATHS = "$(inherited) @executable_path/Frameworks";
				PRODUCT_BUNDLE_IDENTIFIER = Tableviewtest.Tableviewtest;
				PRODUCT_NAME = "$(TARGET_NAME)";
				SWIFT_VERSION = 3.0;
			};
			name = Debug;
		};
		ACD0F4C81E30951E00085900 /* Release */ = {
			isa = XCBuildConfiguration;
			buildSettings = {
				ASSETCATALOG_COMPILER_APPICON_NAME = AppIcon;
				INFOPLIST_FILE = Tableviewtest/Info.plist;
				LD_RUNPATH_SEARCH_PATHS = "$(inherited) @executable_path/Frameworks";
				PRODUCT_BUNDLE_IDENTIFIER = Tableviewtest.Tableviewtest;
				PRODUCT_NAME = "$(TARGET_NAME)";
				SWIFT_VERSION = 3.0;
			};
			name = Release;
		};
/* End XCBuildConfiguration section */

/* Begin XCConfigurationList section */
		ACD0F4AF1E30951E00085900 /* Build configuration list for PBXProject "Tableviewtest" */ = {
			isa = XCConfigurationList;
			buildConfigurations = (
				ACD0F4C41E30951E00085900 /* Debug */,
				ACD0F4C51E30951E00085900 /* Release */,
			);
			defaultConfigurationIsVisible = 0;
			defaultConfigurationName = Release;
		};
		ACD0F4C61E30951E00085900 /* Build configuration list for PBXNativeTarget "Tableviewtest" */ = {
			isa = XCConfigurationList;
			buildConfigurations = (
				ACD0F4C71E30951E00085900 /* Debug */,
				ACD0F4C81E30951E00085900 /* Release */,
			);
			defaultConfigurationIsVisible = 0;
		};
/* End XCConfigurationList section */
	};
	rootObject = ACD0F4AC1E30951E00085900 /* Project object */;
}
